lockfileVersion: '9.0'

settings:
  autoInstallPeers: true
  excludeLinksFromLockfile: false

importers:

  .:
    dependencies:
      think-config:
        specifier: 1.0.0
        version: 1.0.0

packages:

  core-util-is@1.0.3:
    resolution: {integrity: sha512-ZQBvi1DcpJ4GDqanjucZ2Hj3wEO5pZDS89BWbkcrvdxksJorwUDDZamX9ldFkp9aw2lmBDLgkObEA4DWNJ9FYQ==}

  lodash.merge@4.6.2:
    resolution: {integrity: sha512-0KpjqXRVvrYyCsX1swR/XTK0va6VQkQM6MNo7PqW77ByjAhoARA8EfrP1N4+KlKj8YS0ZUCtRT/YUuhyYDujIQ==}

  ms@2.1.3:
    resolution: {integrity: sha512-6FlzubTLZG3J2a/NVCAleEhjzq5oxgHyaCU9yYXvcLsvoVaHJq/s5xXI6/XXP6tz7R9xAOtHnSO/tXtF3WRTlA==}

  pure-uuid@2.0.0:
    resolution: {integrity: sha512-xJzjKStYxaGLtRcrTObZx0XE63h+pdTxqrLZaPtpeIn/fKllOeOkYrAwKjpLMlEr+/dFMFHfDDxTElVn6Sb/Gg==}
    engines: {node: '>=8.0.0'}

  think-config@1.0.0:
    resolution: {integrity: sha512-LWTPauB9PzchTLR0cfA37SJfASrVAV3RA8QdqZwOBbU8rJmIhA4Y5soRCVUEzOBjGPDM6Od7lFxiEJaw9ZMkPQ==}
    engines: {node: '>=6.0.0'}

  think-helper@1.3.0:
    resolution: {integrity: sha512-SLWVPtst6Ya3/iK674BRGNCDT5iGnojDB/6+E73Em9VSw+/D9wOfrawMI5LmMSHK5SK/zmKQdo2mVa9b7eO+vA==}
    engines: {node: '>=20.19.0'}

snapshots:

  core-util-is@1.0.3: {}

  lodash.merge@4.6.2: {}

  ms@2.1.3: {}

  pure-uuid@2.0.0: {}

  think-config@1.0.0:
    dependencies:
      think-helper: 1.3.0

  think-helper@1.3.0:
    dependencies:
      core-util-is: 1.0.3
      lodash.merge: 4.6.2
      ms: 2.1.3
      pure-uuid: 2.0.0
