lockfileVersion: '9.0'

settings:
  autoInstallPeers: true
  excludeLinksFromLockfile: false

importers:

  .:
    dependencies:
      lodash:
        specifier: 4.17.9
        version: 4.17.9

packages:

  lodash@4.17.9:
    resolution: {integrity: sha512-vuRLquvot5sKUldMBumG0YqLvX6m/RGBBOmqb3CWR/MC/QvvD1cTH1fOqxz2FJAQeoExeUdX5Gu9vP2EP6ik+Q==}

snapshots:

  lodash@4.17.9: {}
