lockfileVersion: '9.0'

settings:
  autoInstallPeers: true
  excludeLinksFromLockfile: false

importers:

  .:
    dependencies:
      ua-parser-js:
        specifier: 0.7.22
        version: 0.7.22

packages:

  ua-parser-js@0.7.22:
    resolution: {integrity: sha512-YUxzMjJ5T71w6a8WWVcMGM6YWOTX27rCoIQgLXiWaxqXSx9D7DNjiGWn1aJIRSQ5qr0xuhra77bSIh6voR/46Q==}
    deprecated: You are using an outdated version of ua-parser-js. Please update to ua-parser-js v0.7.33 / v1.0.33 / v2.0.0 (or later) to avoid ReDoS vulnerability [CVE-2022-25927](https://github.com/advisories/GHSA-fhg7-m89q-25r3)

snapshots:

  ua-parser-js@0.7.22: {}
