lockfileVersion: '9.0'

settings:
  autoInstallPeers: true
  excludeLinksFromLockfile: false

importers:

  .:
    dependencies:
      copy-props:
        specifier: 2.0.4
        version: 2.0.4
      each-props:
        specifier: 2.0.0
        version: 2.0.0

packages:

  array-each@1.0.1:
    resolution: {integrity: sha512-zHjL5SZa68hkKHBFBK6DJCTtr9sfTCPCaph/L7tMSLcTFgy+zX7E+6q5UArbtOtMBCtxdICpfTCspRse+ywyXA==}
    engines: {node: '>=0.10.0'}

  array-slice@1.1.0:
    resolution: {integrity: sha512-B1qMD3RBP7O8o0H2KbrXDyB0IccejMF15+87Lvlor12ONPRHP6gTjXMNkt/d3ZuOGbAe66hFmaCfECI24Ufp6w==}
    engines: {node: '>=0.10.0'}

  copy-props@2.0.4:
    resolution: {integrity: sha512-7cjuUME+p+S3HZlbllgsn2CDwS+5eCCX16qBgNC4jgSTf49qR1VKy/Zhl400m0IQXl/bPGEVqncgUUMjrr4s8A==}

  each-props@1.3.2:
    resolution: {integrity: sha512-vV0Hem3zAGkJAyU7JSjixeU66rwdynTAa1vofCrSA5fEln+m67Az9CcnkVD776/fsN/UjIWmBDoNRS6t6G9RfA==}

  each-props@2.0.0:
    resolution: {integrity: sha512-d6lXSq587QlyxSX7dxFUnKSm1teleLEm3qYcIbrg8Rzh1t40mN7Tr8XiDo88H3hDN8EDxsNoj85P/r1Cy0xqyw==}
    engines: {node: '>= 10.13.0'}

  for-in@1.0.2:
    resolution: {integrity: sha512-7EwmXrOjyL+ChxMhmG5lnW9MPt1aIeZEwKhQzoBUdTV0N3zuwWDZYVJatDvZ2OyzPUvdIAZDsCetk3coyMfcnQ==}
    engines: {node: '>=0.10.0'}

  for-own@1.0.0:
    resolution: {integrity: sha512-0OABksIGrxKK8K4kynWkQ7y1zounQxP+CWnyclVwj81KW3vlLlGUx57DKGcP/LH216GzqnstnPocF16Nxs0Ycg==}
    engines: {node: '>=0.10.0'}

  is-plain-object@2.0.4:
    resolution: {integrity: sha512-h5PpgXkWitc38BBMYawTYMWJHFZJVnBquFE57xFpjB8pJFiF6gZ+bU+WyI/yqXiFR5mdLsgYNaPe8uao6Uv9Og==}
    engines: {node: '>=0.10.0'}

  is-plain-object@5.1.0:
    resolution: {integrity: sha512-bUi/yjmtKYcRVUtWRGr0UA6xEFh2I6zWUwMrUXB3s7bmYCaZ8a+0ZsTRkrawh/mzlSD1Y0Ph8bp/U+TvBpWDNw==}
    engines: {node: '>=0.10.0'}

  isobject@3.0.1:
    resolution: {integrity: sha512-WhB9zCku7EGTj/HQQRz5aUQEUeoQZH2bWcltRErOpymJ4boYE6wL9Tbr23krRPSZ+C5zqNSrSw+Cc7sZZ4b7vg==}
    engines: {node: '>=0.10.0'}

  object.defaults@1.1.0:
    resolution: {integrity: sha512-c/K0mw/F11k4dEUBMW8naXUuBuhxRCfG7W+yFy8EcijU/rSmazOUd1XAEEe6bC0OuXY4HUKjTJv7xbxIMqdxrA==}
    engines: {node: '>=0.10.0'}

snapshots:

  array-each@1.0.1: {}

  array-slice@1.1.0: {}

  copy-props@2.0.4:
    dependencies:
      each-props: 1.3.2
      is-plain-object: 2.0.4

  each-props@1.3.2:
    dependencies:
      is-plain-object: 2.0.4
      object.defaults: 1.1.0

  each-props@2.0.0:
    dependencies:
      is-plain-object: 5.1.0
      object.defaults: 1.1.0

  for-in@1.0.2: {}

  for-own@1.0.0:
    dependencies:
      for-in: 1.0.2

  is-plain-object@2.0.4:
    dependencies:
      isobject: 3.0.1

  is-plain-object@5.1.0: {}

  isobject@3.0.1: {}

  object.defaults@1.1.0:
    dependencies:
      array-each: 1.0.1
      array-slice: 1.1.0
      for-own: 1.0.0
      isobject: 3.0.1
