lockfileVersion: '9.0'

settings:
  autoInstallPeers: true
  excludeLinksFromLockfile: false

importers:

  .:
    dependencies:
      ms:
        specifier: 0.7.0
        version: 0.7.0

packages:

  ms@0.7.0:
    resolution: {integrity: sha512-YmuMMkfOZzzAftlHwiQxFepJx/5rDaYi9o9QanyBCk485BRAyM/vB9XoYlZvglxE/pmAWOiQgrdoE10watiK9w==}

snapshots:

  ms@0.7.0: {}
