lockfileVersion: '9.0'

settings:
  autoInstallPeers: true
  excludeLinksFromLockfile: false

importers:

  .:
    dependencies:
      simpl-schema:
        specifier: 1.10.0
        version: 1.10.0

packages:

  clone@2.1.2:
    resolution: {integrity: sha512-3Pe/CF1Nn94hyhIYpjtiLhdCoEoz0DqQ+988E9gmeEdQZlojxnOb74wctFyuwWQHzqyf9X7C7MG8juUpqBJT8w==}
    engines: {node: '>=0.8'}

  lodash._reinterpolate@3.0.0:
    resolution: {integrity: sha512-xYHt68QRoYGjeeM/XOE1uJtvXQAgvszfBhjV4yvsQH0u2i9I6cI6c6/eG4Hh3UAOVn0y/xAXwmTzEay49Q//HA==}

  lodash.template@4.18.1:
    resolution: {integrity: sha512-5urZrLnV/VD6zHK5KsVtZgt7H19v51mIzoS0aBNH8yp3I8tbswrEjOABOPY8m8uB7NuibubLrMX+Y0PXsU9X+w==}
    deprecated: This package is deprecated. Use https://socket.dev/npm/package/eta instead.

  lodash.templatesettings@4.2.0:
    resolution: {integrity: sha512-stgLz+i3Aa9mZgnjr/O+v9ruKZsPsndy7qPZOchbqk2cnTU1ZaldKK+v7m54WoKIyxiuMZTKT2H81F8BeAc3ZQ==}

  message-box@0.2.7:
    resolution: {integrity: sha512-C4ccA5nHb58kTS+pLrgF/JWtr7fAIkHxRDceH7tdy5fMA783nUfbYwZ7H2XLvSeYfcnWIYCig5dWW+icK9X/Ag==}

  mongo-object@0.1.4:
    resolution: {integrity: sha512-QtYk0gupWEn2+iB+DDRt1L+WbcNYvJRaHdih/dcqthOa1DbnREUGSs2WGcW478GNYpElflo/yybZXu0sTiRXHg==}

  simpl-schema@1.10.0:
    resolution: {integrity: sha512-IOZNHnlo20N2/kHg86Fnc65Q7vuzMo35Tw2J1gJTcr1DPLO47s8tgnO1K847Z/gsHptUSwlpqZd72LIYtWSNYg==}

snapshots:

  clone@2.1.2: {}

  lodash._reinterpolate@3.0.0: {}

  lodash.template@4.18.1:
    dependencies:
      lodash._reinterpolate: 3.0.0
      lodash.templatesettings: 4.2.0

  lodash.templatesettings@4.2.0:
    dependencies:
      lodash._reinterpolate: 3.0.0

  message-box@0.2.7:
    dependencies:
      lodash.template: 4.18.1

  mongo-object@0.1.4: {}

  simpl-schema@1.10.0:
    dependencies:
      clone: 2.1.2
      message-box: 0.2.7
      mongo-object: 0.1.4
