lockfileVersion: '9.0'

settings:
  autoInstallPeers: true
  excludeLinksFromLockfile: false

importers:

  .:
    dependencies:
      pdf-image:
        specifier: 2.0.0
        version: 2.0.0

packages:

  es6-promise@4.2.8:
    resolution: {integrity: sha512-HJDGx5daxeIvxdBxvG2cb9g4tEvwIk3i8+nhX0yGrYmZUzbkdg8QbDevheDB8gd0//uPj4c1EQua8Q+MViT0/w==}

  pdf-image@2.0.0:
    resolution: {integrity: sha512-RyB8f/Khw8wZt2xXGWtQu/5ZyKl4pzNSi9/dnYNJOuGnxRiZvmUVmz6xmG6Xts53k8ZZaOBjDwoT4jjAVzIoPQ==}

snapshots:

  es6-promise@4.2.8: {}

  pdf-image@2.0.0:
    dependencies:
      es6-promise: 4.2.8
