lockfileVersion: '9.0'

settings:
  autoInstallPeers: true
  excludeLinksFromLockfile: false

importers:

  .:
    dependencies:
      algoliasearch-helper:
        specifier: 3.6.0
        version: 3.6.0(algoliasearch@4.27.0)

packages:

  '@algolia/cache-browser-local-storage@4.27.0':
    resolution: {integrity: sha512-YGog2s57sO20lvpa+hv5XLAAmiTI1kHsCMRtPVfiaOdIQnvRla21lfH08onqEbZihOPVI8GULwt79zQB2ymKzg==}

  '@algolia/cache-common@4.27.0':
    resolution: {integrity: sha512-Sr8zjNXj82p6lO4W9CdzfF0m0/9h/H6VAdSHOTtimm/cTzXIYXRI2IZq7+Nt2ljJ7Ukx+7dIFcxQjE57eQSPsw==}

  '@algolia/cache-in-memory@4.27.0':
    resolution: {integrity: sha512-abgMRTcVD0IllNvMM9JFhxtyLn1v6Ey7mQ7+BGS3JCzvkCX7KZqlS0BIuVUDgx9sPIfOeNsG/awGzMmP50TwZw==}

  '@algolia/client-account@4.27.0':
    resolution: {integrity: sha512-sSHxwrKTKJrwfoR/LcQJZfmiWJcM5d9Rp7afMChxOcdGdkSdIwrNBC8SCcHRenA3GsZ6mg+j6px7KWYxJ34btA==}

  '@algolia/client-analytics@4.27.0':
    resolution: {integrity: sha512-MqIDyxODljn9ZC4oqjQD0kez2a4zjIJ9ywA/b7cIiUiK/tDjZNTVjYd9WXMKQlXnWUwfrfXJZClVVqN1iCXS+Q==}

  '@algolia/client-common@4.27.0':
    resolution: {integrity: sha512-ZrT6l/YPQgyIUuBCxcYPeXol2VBLUMuNb1rKXrm6z1f/iTiwqtnEEb16/6CC11+Re0ZGXrdcMVrgDRrzveQ1aQ==}

  '@algolia/client-personalization@4.27.0':
    resolution: {integrity: sha512-OZqaFFVm+10hAlmxpiTWi/o2n+YKBESbSqSy2yXAumPH/kaK4moJHFblbh8IkV3KZR0lLm4hzPtn8Q2nWNiDUA==}

  '@algolia/client-search@4.27.0':
    resolution: {integrity: sha512-qmX/f67ay0eZ4V5Io8fWWOcUVo/gqre2yei1PnmEhQU2Gul6ushg25QnNrfu4BODiRrw1rwYveZaLCiHvcUxrQ==}

  '@algolia/logger-common@4.27.0':
    resolution: {integrity: sha512-pIrmQRXtDV+zTMVXKtKCosC2rWhn0F0TdUeb9etA6RiAz6jY6bY6f0+JX7YekDK09SnmZMLIyUa7Jci+Ied9bw==}

  '@algolia/logger-console@4.27.0':
    resolution: {integrity: sha512-UWvta8BxsR/u5z9eI088mOSLQaGtmoCtXeN3DYJurlxAdJwPuKtEb5+433kxA6/E9f2/JgoW89KZ1vNP9pcHBQ==}

  '@algolia/recommend@4.27.0':
    resolution: {integrity: sha512-CFy54xDjrsazPi3KN04yPmLRDT72AKokc3RLOdWQvG0/uEUjj7dhWqe9qenxpL4ydsjO7S1eY5YqmX+uMGonlg==}

  '@algolia/requester-browser-xhr@4.27.0':
    resolution: {integrity: sha512-dTenMBIIpyp5o3C2ZnfbsuSlD/lL9jPkk6T+2+qm38fyw2nf49ANbcHFE79NgiGrnmw7QrYveCs9NIP3Wk4v6g==}

  '@algolia/requester-common@4.27.0':
    resolution: {integrity: sha512-VC3prAQVgWTubMStb3mJz6i61Hqbtagi2LeIbgNtoFJFff3XZDcAaO1D5r0GYl2+DrB2VzUHnQXbkiuI+HHYyg==}

  '@algolia/requester-node-http@4.27.0':
    resolution: {integrity: sha512-y8nUqaUQeSOQ5oaNo0b2QPznyBFW9LoIwljyUphJ+gUZpU6O/j2/C8ovoqDpIe6J0etqHg5RCcBizrCFZuLpyw==}

  '@algolia/transporter@4.27.0':
    resolution: {integrity: sha512-PvSbELU4VjN3xSX79ki+zIdOGhTxyJXWvRDzkUjfTx2iNfPWDdTjzKbP1o+268coJztxrkuBwJz90Urek7o1Kw==}

  algoliasearch-helper@3.6.0:
    resolution: {integrity: sha512-F4Smiq+Vyv/JJytuKNFuzXndPSb4pjtiHZSkEztQCcB+SORu71A8grgt2NSJhbB5VhqHW19QDtlPKbdYdcNrLg==}
    deprecated: 3.7.3
    peerDependencies:
      algoliasearch: '>= 3.1 < 5'

  algoliasearch@4.27.0:
    resolution: {integrity: sha512-C88C5grLa5VOCp9eYZJt+q99ik7yNdm92l7Q9+4XK0Md8kL05Lg8l2v9ZVX0uMW3mH9pAFxMMXlLOvqNumA4lw==}

  events@1.1.1:
    resolution: {integrity: sha512-kEcvvCBByWXGnZy6JUlgAp2gBIUjfCAV6P6TgT1/aaQKcmuAEC4OZTV1I4EWQLz2gxZw76atuVyvHhTxvi0Flw==}
    engines: {node: '>=0.4.x'}

snapshots:

  '@algolia/cache-browser-local-storage@4.27.0':
    dependencies:
      '@algolia/cache-common': 4.27.0

  '@algolia/cache-common@4.27.0': {}

  '@algolia/cache-in-memory@4.27.0':
    dependencies:
      '@algolia/cache-common': 4.27.0

  '@algolia/client-account@4.27.0':
    dependencies:
      '@algolia/client-common': 4.27.0
      '@algolia/client-search': 4.27.0
      '@algolia/transporter': 4.27.0

  '@algolia/client-analytics@4.27.0':
    dependencies:
      '@algolia/client-common': 4.27.0
      '@algolia/client-search': 4.27.0
      '@algolia/requester-common': 4.27.0
      '@algolia/transporter': 4.27.0

  '@algolia/client-common@4.27.0':
    dependencies:
      '@algolia/requester-common': 4.27.0
      '@algolia/transporter': 4.27.0

  '@algolia/client-personalization@4.27.0':
    dependencies:
      '@algolia/client-common': 4.27.0
      '@algolia/requester-common': 4.27.0
      '@algolia/transporter': 4.27.0

  '@algolia/client-search@4.27.0':
    dependencies:
      '@algolia/client-common': 4.27.0
      '@algolia/requester-common': 4.27.0
      '@algolia/transporter': 4.27.0

  '@algolia/logger-common@4.27.0': {}

  '@algolia/logger-console@4.27.0':
    dependencies:
      '@algolia/logger-common': 4.27.0

  '@algolia/recommend@4.27.0':
    dependencies:
      '@algolia/cache-browser-local-storage': 4.27.0
      '@algolia/cache-common': 4.27.0
      '@algolia/cache-in-memory': 4.27.0
      '@algolia/client-common': 4.27.0
      '@algolia/client-search': 4.27.0
      '@algolia/logger-common': 4.27.0
      '@algolia/logger-console': 4.27.0
      '@algolia/requester-browser-xhr': 4.27.0
      '@algolia/requester-common': 4.27.0
      '@algolia/requester-node-http': 4.27.0
      '@algolia/transporter': 4.27.0

  '@algolia/requester-browser-xhr@4.27.0':
    dependencies:
      '@algolia/requester-common': 4.27.0

  '@algolia/requester-common@4.27.0': {}

  '@algolia/requester-node-http@4.27.0':
    dependencies:
      '@algolia/requester-common': 4.27.0

  '@algolia/transporter@4.27.0':
    dependencies:
      '@algolia/cache-common': 4.27.0
      '@algolia/logger-common': 4.27.0
      '@algolia/requester-common': 4.27.0

  algoliasearch-helper@3.6.0(algoliasearch@4.27.0):
    dependencies:
      algoliasearch: 4.27.0
      events: 1.1.1

  algoliasearch@4.27.0:
    dependencies:
      '@algolia/cache-browser-local-storage': 4.27.0
      '@algolia/cache-common': 4.27.0
      '@algolia/cache-in-memory': 4.27.0
      '@algolia/client-account': 4.27.0
      '@algolia/client-analytics': 4.27.0
      '@algolia/client-common': 4.27.0
      '@algolia/client-personalization': 4.27.0
      '@algolia/client-search': 4.27.0
      '@algolia/logger-common': 4.27.0
      '@algolia/logger-console': 4.27.0
      '@algolia/recommend': 4.27.0
      '@algolia/requester-browser-xhr': 4.27.0
      '@algolia/requester-common': 4.27.0
      '@algolia/requester-node-http': 4.27.0
      '@algolia/transporter': 4.27.0

  events@1.1.1: {}
