lockfileVersion: '9.0'

settings:
  autoInstallPeers: true
  excludeLinksFromLockfile: false

importers:

  .:
    dependencies:
      semver-regex:
        specifier: 3.1.1
        version: 3.1.1

packages:

  semver-regex@3.1.1:
    resolution: {integrity: sha512-3dPcmFqxblWB/cppQ2qXWqlp9b6GLgAS032+Ec5E0waDVHTkwYIL+7BFI9UqEe0tkoHle2f3pBgvT/Xl95+Dig==}
    engines: {node: '>=8'}

snapshots:

  semver-regex@3.1.1: {}
