lockfileVersion: '9.0'

settings:
  autoInstallPeers: true
  excludeLinksFromLockfile: false

importers:

  .:
    dependencies:
      parsejson:
        specifier: 0.0.3
        version: 0.0.3

packages:

  better-assert@1.0.2:
    resolution: {integrity: sha512-bYeph2DFlpK1XmGs6fvlLRUN29QISM3GBuUwSFsMY2XRx4AvC0WNCS57j4c/xGrK2RS24C1w3YoBOsw9fT46tQ==}

  callsite@1.0.0:
    resolution: {integrity: sha512-0vdNRFXn5q+dtOqjfFtmtlI9N2eVZ7LMyEV2iKC5mEEFvSg/69Ml6b/WU2qF8W1nLRa0wiSrDT3Y5jOHZCwKPQ==}

  parsejson@0.0.3:
    resolution: {integrity: sha512-v38ZjVbinlZ2r1Rz06WUZEnGoSRcEGX+roMsiWjHeAe23s2qlQUyfmsPQZvh7d8l0E8AZzTIO/RkUr00LfkSiA==}

snapshots:

  better-assert@1.0.2:
    dependencies:
      callsite: 1.0.0

  callsite@1.0.0: {}

  parsejson@0.0.3:
    dependencies:
      better-assert: 1.0.2
