lockfileVersion: '9.0'

settings:
  autoInstallPeers: true
  excludeLinksFromLockfile: false

importers:

  .:
    dependencies:
      timespan:
        specifier: 2.3.0
        version: 2.3.0

packages:

  timespan@2.3.0:
    resolution: {integrity: sha512-0Jq9+58T2wbOyLth0EU+AUb6JMGCLaTWIykJFa7hyAybjVH9gpVMTfUAwo5fWAvtFt2Tjh/Elg8JtgNpnMnM8g==}
    engines: {node: '>= 0.2.0'}

snapshots:

  timespan@2.3.0: {}
