lockfileVersion: '9.0'

settings:
  autoInstallPeers: true
  excludeLinksFromLockfile: false

importers:

  .:
    dependencies:
      aso-server:
        specifier: 0.4.3
        version: 0.4.3
      sleep:
        specifier: ^6.3.0
        version: 6.3.0

packages:

  aso-server@0.4.3:
    resolution: {integrity: sha512-usUJ4CJzlbVVizclxQginz+sIinokdouVl1WFxkDkgod0ldF2HHDzEe4Bj3OM3Lji62hjMFv1OQg0+HzZJqt0g==}

  nan@2.29.0:
    resolution: {integrity: sha512-GlGk3HIvitbvs+LT3g6XUP1kpirKNvmDFwF/bmo6XNWSb/eYEs/O4bfgIEIXCZ+lIOTS5xNwDvSGMw6FJdAhtA==}

  sleep@6.3.0:
    resolution: {integrity: sha512-+WgYl951qdUlb1iS97UvQ01pkauoBK9ML9I/CMPg41v0Ze4EyMlTgFTDDo32iYj98IYqxIjDMRd+L71lawFfpQ==}
    engines: {node: '>=0.8.0'}

snapshots:

  aso-server@0.4.3: {}

  nan@2.29.0: {}

  sleep@6.3.0:
    dependencies:
      nan: 2.29.0
