lockfileVersion: '9.0'

settings:
  autoInstallPeers: true
  excludeLinksFromLockfile: false

importers:

  .:
    dependencies:
      think-helper:
        specifier: 1.1.0
        version: 1.1.0

packages:

  core-util-is@1.0.3:
    resolution: {integrity: sha512-ZQBvi1DcpJ4GDqanjucZ2Hj3wEO5pZDS89BWbkcrvdxksJorwUDDZamX9ldFkp9aw2lmBDLgkObEA4DWNJ9FYQ==}

  ms@1.0.0:
    resolution: {integrity: sha512-85ytwCiGUnD84ui6ULG1KBFMaZgHW3jg5KPr9jt+ZPYt75+XK+JGbYddGrBQ+RSHXOhekCnCZwJywBoFvFl0kw==}

  think-helper@1.1.0:
    resolution: {integrity: sha512-wgFB5ITnLpcpUAdrU79ZxzS3gko6H4fNjAzjyMQOGsoAEuGgXqnk8q3zr1zXY7RhAL9EhrdoWF19l6E+/lbLZQ==}
    engines: {node: '>=6.0.0'}

  uuid@3.4.0:
    resolution: {integrity: sha512-HjSDRw6gZE5JMggctHBcjVak08+KEVhSIiDzFnT9S9aegmp85S/bReBVTb4QTFaRNptJ9kuYaNhnbNEOkbKb/A==}
    deprecated: uuid@10 and below is no longer supported.  For ESM codebases, update to uuid@latest.  For CommonJS codebases, use uuid@11 (but be aware this version will likely be deprecated in 2028).
    hasBin: true

snapshots:

  core-util-is@1.0.3: {}

  ms@1.0.0: {}

  think-helper@1.1.0:
    dependencies:
      core-util-is: 1.0.3
      ms: 1.0.0
      uuid: 3.4.0

  uuid@3.4.0: {}
