lockfileVersion: '9.0'

settings:
  autoInstallPeers: true
  excludeLinksFromLockfile: false

importers:

  .:
    dependencies:
      nedb:
        specifier: 1.8.0
        version: 1.8.0

packages:

  async@0.2.10:
    resolution: {integrity: sha512-eAkdoKxU6/LkKDBzLpT+t6Ff5EtfSF4wx1WfJiPEEV7WNLnDaRXk0oVysiEPm262roaachGexwUv94WhSgN5TQ==}

  binary-search-tree@0.2.5:
    resolution: {integrity: sha512-CvNVKS6iXagL1uGwLagSXz1hzSMezxOuGnFi5FHGKqaTO3nPPWrAbyALUzK640j+xOTVm7lzD9YP8W1f/gvUdw==}

  immediate@3.0.6:
    resolution: {integrity: sha512-XXOFtyqDjNDAQxVfYxuF7g9Il/IbWmmlQg2MYKOH8ExIT1qg6xc4zyS3HaEEATgs1btfzxq15ciUiY7gjSXRGQ==}

  lie@3.1.1:
    resolution: {integrity: sha512-RiNhHysUjhrDQntfYSfY4MU24coXXdEOgw9WGcKHNeEwffDYbF//u87M1EWaMGzuFoSbqW0C9C6lEEhDOAswfw==}

  localforage@1.10.0:
    resolution: {integrity: sha512-14/H1aX7hzBBmmh7sGPd+AOMkkIrHM3Z1PAyGgZigA1H1p5O5ANnMyWzvpAETtG68/dC4pC0ncy3+PPGzXZHPg==}

  minimist@1.2.8:
    resolution: {integrity: sha512-2yyAR8qBkN3YuheJanUpWC5U3bb5osDywNB8RzDVlDwDHbocAJveqqj1u8+SVD7jkWT4yvsHCpWqqWqAxb0zCA==}

  mkdirp@0.5.6:
    resolution: {integrity: sha512-FP+p8RB8OWpF3YZBCrP5gtADmtXApB5AMLn+vdyA+PyxCjrCs00mjyUozssO33cwDeT3wNGdLxJ5M//YqtHAJw==}
    hasBin: true

  nedb@1.8.0:
    resolution: {integrity: sha512-ip7BJdyb5m+86ZbSb4y10FCCW9g35+U8bDRrZlAfCI6m4dKwEsQ5M52grcDcVK4Vm/vnPlDLywkyo3GliEkb5A==}

  underscore@1.4.4:
    resolution: {integrity: sha512-ZqGrAgaqqZM7LGRzNjLnw5elevWb5M8LEoDMadxIW3OWbcv72wMMgKdwOKpd5Fqxe8choLD8HN3iSj3TUh/giQ==}

snapshots:

  async@0.2.10: {}

  binary-search-tree@0.2.5:
    dependencies:
      underscore: 1.4.4

  immediate@3.0.6: {}

  lie@3.1.1:
    dependencies:
      immediate: 3.0.6

  localforage@1.10.0:
    dependencies:
      lie: 3.1.1

  minimist@1.2.8: {}

  mkdirp@0.5.6:
    dependencies:
      minimist: 1.2.8

  nedb@1.8.0:
    dependencies:
      async: 0.2.10
      binary-search-tree: 0.2.5
      localforage: 1.10.0
      mkdirp: 0.5.6
      underscore: 1.4.4

  underscore@1.4.4: {}
