lockfileVersion: '9.0'

settings:
  autoInstallPeers: true
  excludeLinksFromLockfile: false

importers:

  .:
    dependencies:
      file-static-server:
        specifier: 1.0.2
        version: 1.0.2

packages:

  async@2.6.4:
    resolution: {integrity: sha512-mzo5dfJYwAn29PeiJ0zvwTo04zj8HDJj0Mn8TD7sno7q12prdbnasKJHhkm2c1LgrhlJ0teaea8860oxi51mGA==}

  commander@2.20.3:
    resolution: {integrity: sha512-GpVkmM8vF2vQUkj2LvZmD35JxeJOLCwJ9cUkugyk2nuhbv3+mJvpLYYt+0+USMxE+oj+ey/lJEnhZw75x/OMcQ==}

  ejs@2.7.4:
    resolution: {integrity: sha512-7vmuyh5+kuUyJKePhQfRQBhXV5Ce+RnaeeQArKu1EAMpL3WbgMt5WG6uQZpEVvYSSsxMXRKOewtDk9RaTKXRlA==}
    engines: {node: '>=0.10.0'}

  file-static-server@1.0.2:
    resolution: {integrity: sha512-6bFcmUzxE8wbK/u1dvoawV12C50EKzbQMdfzibpwQj1/pVZY0fPd9JTVDkNqDlzvT0XMMzPLOh4zKl2lXf/CdQ==}
    hasBin: true

  lodash@4.18.1:
    resolution: {integrity: sha512-dMInicTPVE8d1e5otfwmmjlxkZoUpiVLwyeTdUsi/Caj/gfzzblBcCE5sRHV/AsjuCmxWrte2TNGSYuCeCq+0Q==}

  mime@1.6.0:
    resolution: {integrity: sha512-x0Vn8spI+wuJ1O6S7gnbaQg8Pxh4NNHb7KSINmEWKiPE4RKOplvijn+NkmYmmRgP68mc70j2EbeTFRsrswaQeg==}
    engines: {node: '>=4'}
    hasBin: true

snapshots:

  async@2.6.4:
    dependencies:
      lodash: 4.18.1

  commander@2.20.3: {}

  ejs@2.7.4: {}

  file-static-server@1.0.2:
    dependencies:
      async: 2.6.4
      commander: 2.20.3
      ejs: 2.7.4
      mime: 1.6.0

  lodash@4.18.1: {}

  mime@1.6.0: {}
