lockfileVersion: '9.0'

settings:
  autoInstallPeers: true
  excludeLinksFromLockfile: false

importers:

  .:
    dependencies:
      sleep:
        specifier: ^6.3.0
        version: 6.3.0
      starfruit:
        specifier: 0.2.2
        version: 0.2.2

packages:

  nan@2.29.0:
    resolution: {integrity: sha512-GlGk3HIvitbvs+LT3g6XUP1kpirKNvmDFwF/bmo6XNWSb/eYEs/O4bfgIEIXCZ+lIOTS5xNwDvSGMw6FJdAhtA==}

  sleep@6.3.0:
    resolution: {integrity: sha512-+WgYl951qdUlb1iS97UvQ01pkauoBK9ML9I/CMPg41v0Ze4EyMlTgFTDDo32iYj98IYqxIjDMRd+L71lawFfpQ==}
    engines: {node: '>=0.8.0'}

  starfruit@0.2.2:
    resolution: {integrity: sha512-gaGeZx28zIT6PXKWS9FYBC7jyjUAe0ZxjovQEdSVnpgOHrIUBlnmYh8Qu/ueDUrl6F5NwwZlQL0JKrcKMgSYHA==}
    hasBin: true

snapshots:

  nan@2.29.0: {}

  sleep@6.3.0:
    dependencies:
      nan: 2.29.0

  starfruit@0.2.2: {}
