lockfileVersion: '9.0'

settings:
  autoInstallPeers: true
  excludeLinksFromLockfile: false

importers:

  .:
    dependencies:
      node-forge:
        specifier: 0.9.0
        version: 0.9.0

packages:

  node-forge@0.9.0:
    resolution: {integrity: sha512-7ASaDa3pD+lJ3WvXFsxekJQelBKRpne+GOVbLbtHYdd7pFspyeuJHnWfLplGf3SwKGbfs/aYl5V/JCIaHVUKKQ==}
    engines: {node: '>= 4.5.0'}

snapshots:

  node-forge@0.9.0: {}
