lockfileVersion: '9.0'

settings:
  autoInstallPeers: true
  excludeLinksFromLockfile: false

importers:

  .:
    dependencies:
      set-value:
        specifier: 3.0.0
        version: 3.0.0

packages:

  is-plain-object@2.0.4:
    resolution: {integrity: sha512-h5PpgXkWitc38BBMYawTYMWJHFZJVnBquFE57xFpjB8pJFiF6gZ+bU+WyI/yqXiFR5mdLsgYNaPe8uao6Uv9Og==}
    engines: {node: '>=0.10.0'}

  isobject@3.0.1:
    resolution: {integrity: sha512-WhB9zCku7EGTj/HQQRz5aUQEUeoQZH2bWcltRErOpymJ4boYE6wL9Tbr23krRPSZ+C5zqNSrSw+Cc7sZZ4b7vg==}
    engines: {node: '>=0.10.0'}

  set-value@3.0.0:
    resolution: {integrity: sha512-tqkg9wJ2TOsxbzIMG5NMAmzjdbDTAD0in7XuUzmFpJE4Ipi2QFBfgC2Z1/gfxcAmWCPsuutiEJyDIMRsrjrMOQ==}
    engines: {node: '>=6.0'}
    deprecated: Critical bug fixed in v3.0.1, please upgrade to the latest version.

snapshots:

  is-plain-object@2.0.4:
    dependencies:
      isobject: 3.0.1

  isobject@3.0.1: {}

  set-value@3.0.0:
    dependencies:
      is-plain-object: 2.0.4
