lockfileVersion: '9.0'

settings:
  autoInstallPeers: true
  excludeLinksFromLockfile: false

importers:

  .:
    dependencies:
      html-parse-stringify2:
        specifier: 2.0.1
        version: 2.0.1

packages:

  html-parse-stringify2@2.0.1:
    resolution: {integrity: sha512-wMKQ3aJ/dwXzDHPpA7XgsRXXCkEhHkAF6Ioh7D51lgZO7Qy0LmcFddC9TI/qNQJvSM1KL8KbcR3FtuybsrzFlQ==}

  void-elements@2.0.1:
    resolution: {integrity: sha512-qZKX4RnBzH2ugr8Lxa7x+0V6XD9Sb/ouARtiasEQCHB1EVU4NXtmHsDDrx1dO4ne5fc3J6EW05BP1Dl0z0iung==}
    engines: {node: '>=0.10.0'}

snapshots:

  html-parse-stringify2@2.0.1:
    dependencies:
      void-elements: 2.0.1

  void-elements@2.0.1: {}
