lockfileVersion: '9.0'

settings:
  autoInstallPeers: true
  excludeLinksFromLockfile: false

importers:

  .:
    dependencies:
      serverlyj333:
        specifier: 1.1.0
        version: 1.1.0

packages:

  serverlyj333@1.1.0:
    resolution: {integrity: sha512-JxZ9kfaDcNNPd0xgVWgaANmbBXP6hVpDuXcH07i0z/OzHlrd+ohP+2LjkyZrIjpXM+CPCF+K4/Mrc096RBkE5g==}

snapshots:

  serverlyj333@1.1.0: {}
