lockfileVersion: '9.0'

settings:
  autoInstallPeers: true
  excludeLinksFromLockfile: false

importers:

  .:
    dependencies:
      json-pointer:
        specifier: 0.6.1
        version: 0.6.1

packages:

  foreach@2.0.6:
    resolution: {integrity: sha512-k6GAGDyqLe9JaebCsFCoudPPWfihKu8pylYXRlqP1J7ms39iPoTtk2fviNglIeQEwdh0bQeKJ01ZPyuyQvKzwg==}

  json-pointer@0.6.1:
    resolution: {integrity: sha512-3OvjqKdCBvH41DLpV4iSt6v2XhZXV1bPB4OROuknvUXI7ZQNofieCPkmE26stEJ9zdQuvIxDHCuYhfgxFAAs+Q==}

snapshots:

  foreach@2.0.6: {}

  json-pointer@0.6.1:
    dependencies:
      foreach: 2.0.6
