lockfileVersion: '9.0'

settings:
  autoInstallPeers: true
  excludeLinksFromLockfile: false

importers:

  .:
    dependencies:
      deep-override:
        specifier: 1.0.0
        version: 1.0.0

packages:

  deep-override@1.0.0:
    resolution: {integrity: sha512-zNPIJlBOiXw3zkokGnqsMY3kIpFPS/18F7aQc1BVVqmb5miiT0H/b+SiY8ArLcPvOi+GD+6eZiKRVFD1AFD9Ew==}

snapshots:

  deep-override@1.0.0: {}
