lockfileVersion: '9.0'

settings:
  autoInstallPeers: true
  excludeLinksFromLockfile: false

importers:

  .:
    dependencies:
      gm:
        specifier: 1.20.0
        version: 1.20.0

packages:

  array-parallel@0.1.3:
    resolution: {integrity: sha512-TDPTwSWW5E4oiFiKmz6RGJ/a80Y91GuLgUYuLd49+XBS75tYo8PNgaT2K/OxuQYqkoI852MDGBorg9OcUSTQ8w==}

  array-series@0.1.5:
    resolution: {integrity: sha512-L0XlBwfx9QetHOsbLDrE/vh2t018w9462HM3iaFfxRiK83aJjAt/Ja3NMkOW7FICwWTlQBa3ZbL5FKhuQWkDrg==}

  debug@2.2.0:
    resolution: {integrity: sha512-X0rGvJcskG1c3TgSCPqHJ0XJgwlcvOC7elJ5Y0hYuKBZoVqWpAMfLOeIh2UI/DCQ5ruodIjvsugZtjUYUw2pUw==}
    peerDependencies:
      supports-color: '*'
    peerDependenciesMeta:
      supports-color:
        optional: true

  gm@1.20.0:
    resolution: {integrity: sha512-A2OM2YYVdHuBU8fl44qD5wsCOUclTVmrfQUcuq0X0JkhvsztULukfoXdtpiVX0QwUGT91e6xiP9cV8EY9WEFzw==}
    engines: {node: '>= 0.10.0'}
    deprecated: The gm module has been sunset. Please migrate to an alternative. https://github.com/aheckmann/gm?tab=readme-ov-file#2025-02-24-this-project-is-not-maintained

  ms@0.7.1:
    resolution: {integrity: sha512-lRLiIR9fSNpnP6TC4v8+4OU7oStC01esuNowdQ34L+Gk8e5Puoc88IqJ+XAY/B3Mn2ZKis8l8HX90oU8ivzUHg==}

snapshots:

  array-parallel@0.1.3: {}

  array-series@0.1.5: {}

  debug@2.2.0:
    dependencies:
      ms: 0.7.1

  gm@1.20.0:
    dependencies:
      array-parallel: 0.1.3
      array-series: 0.1.5
      debug: 2.2.0
    transitivePeerDependencies:
      - supports-color

  ms@0.7.1: {}
