lockfileVersion: '9.0'

settings:
  autoInstallPeers: true
  excludeLinksFromLockfile: false

importers:

  .:
    dependencies:
      xopen:
        specifier: 1.0.0
        version: 1.0.0

packages:

  xopen@1.0.0:
    resolution: {integrity: sha512-DHQS7DQzQ7qcQUuEvFP/2MoUEObvunNcdY8GxzLHscCfbBVa13q2zQIhXvGuHcCEHYCX44fnGnte/pae/A9xgg==}

snapshots:

  xopen@1.0.0: {}
