lockfileVersion: '9.0'

settings:
  autoInstallPeers: true
  excludeLinksFromLockfile: false

importers:

  .:
    dependencies:
      flattenizer:
        specifier: 0.0.5
        version: 0.0.5

packages:

  flattenizer@0.0.5:
    resolution: {integrity: sha512-L7VzEqroOYrd1pdaIAnTC3xZXpStc4li8hCmnWeE7ZcvBwMEyAPonxzpuEFeNVjIyTg7+0LYgN+5vVrQA95FRg==}

snapshots:

  flattenizer@0.0.5: {}
