lockfileVersion: '9.0'

settings:
  autoInstallPeers: true
  excludeLinksFromLockfile: false

importers:

  .:
    dependencies:
      three:
        specifier: 0.122.0
        version: 0.122.0

packages:

  three@0.122.0:
    resolution: {integrity: sha512-bgYMo0WdaQhf7DhLE8OSNN/rVFO5J4K1A2VeeKqoV4MjjuHjfCP6xLpg8Xedhns7NlEnN3sZ6VJROq19Qyl6Sg==}

snapshots:

  three@0.122.0: {}
