lockfileVersion: '9.0'

settings:
  autoInstallPeers: true
  excludeLinksFromLockfile: false

importers:

  .:
    dependencies:
      basic-static:
        specifier: 2.0.2
        version: 2.0.2

packages:

  basic-static@2.0.2:
    resolution: {integrity: sha512-gr4lM7SMYRUVZi4nZWi0pgRNeurqeKUe0Psxw0wRQj2tZvU+temb6bDzttkFpiPy+Q5yvjdo8jBByZXbJIXaNg==}

  mime@2.6.0:
    resolution: {integrity: sha512-USPkMeET31rOMiarsBNIHZKLGgvKc/LrjofAnBlOttf5ajRvqiRA8QsenbcooctK6d6Ts6aqZXBA+XbkKthiQg==}
    engines: {node: '>=4.0.0'}
    hasBin: true

snapshots:

  basic-static@2.0.2:
    dependencies:
      mime: 2.6.0

  mime@2.6.0: {}
