lockfileVersion: '9.0'

settings:
  autoInstallPeers: true
  excludeLinksFromLockfile: false

importers:

  .:
    dependencies:
      safe-obj:
        specifier: 1.0.0
        version: 1.0.0

packages:

  safe-obj@1.0.0:
    resolution: {integrity: sha512-TQqd7vWPPfXlekiANBYqSH6T1PztPbF8FTt7rlZRurrpE+N03IBvelPdjbI1zCHtQWiDOBTUFLybIrJItMbbiw==}
    engines: {node: '>=0.8.0'}
    deprecated: This package is no longer necessary or maintained. Please use lodash _.get or optional chaining for the same behavior.

snapshots:

  safe-obj@1.0.0: {}
