lockfileVersion: '9.0'

settings:
  autoInstallPeers: true
  excludeLinksFromLockfile: false

importers:

  .:
    dependencies:
      htmlparser:
        specifier: 1.7.7
        version: 1.7.7

packages:

  htmlparser@1.7.7:
    resolution: {integrity: sha512-zpK66ifkT0fauyFh2Mulrq4AqGTucxGtOhZ8OjkbSfcCpkqQEI8qRkY0tSQSJNAQ4HUZkgWaU4fK4EH6SVH9PQ==}
    engines: {node: '>=0.1.33'}

snapshots:

  htmlparser@1.7.7: {}
