lockfileVersion: '9.0'

settings:
  autoInstallPeers: true
  excludeLinksFromLockfile: false

importers:

  .:
    dependencies:
      bmoor:
        specifier: 0.8.11
        version: 0.8.11

packages:

  bmoor@0.8.11:
    resolution: {integrity: sha512-0WjS3m8YKwE9lqvi1LIMkza/3v0VnWNoQ+X/O+dPIIDgE2Ew7ixZGCSh8Rt+B+ctzeSm1vYe+CqZ4OCCOV80UA==}

  uuid@3.4.0:
    resolution: {integrity: sha512-HjSDRw6gZE5JMggctHBcjVak08+KEVhSIiDzFnT9S9aegmp85S/bReBVTb4QTFaRNptJ9kuYaNhnbNEOkbKb/A==}
    deprecated: uuid@10 and below is no longer supported.  For ESM codebases, update to uuid@latest.  For CommonJS codebases, use uuid@11 (but be aware this version will likely be deprecated in 2028).
    hasBin: true

snapshots:

  bmoor@0.8.11:
    dependencies:
      uuid: 3.4.0

  uuid@3.4.0: {}
