lockfileVersion: '9.0'

settings:
  autoInstallPeers: true
  excludeLinksFromLockfile: false

importers:

  .:
    dependencies:
      '@thi.ng/egf':
        specifier: 0.3.0
        version: 0.3.0

packages:

  '@thi.ng/api@6.13.6':
    resolution: {integrity: sha512-r1qJR2QaODkhG0poOKAkFIaHYeGF3rYuh/eaGx+4mBjA+jUCRlqQNr/yP1DsjMEVbjlE1jqS5apQvnfSmQlOvg==}

  '@thi.ng/api@7.2.0':
    resolution: {integrity: sha512-4NcwHXxwPF/JgJG/jSFd9rjfQNguF0QrHvd6e+CEf4T0sFChqetW6ZmJ6/a2X+noDVntgulegA+Bx0HHzw+Tyw==}

  '@thi.ng/arrays@1.0.3':
    resolution: {integrity: sha512-ZUB27bdpTwcvxYJTlt/eWKrj98nWXo0lAUPwRwubk4GlH8rTKKkc7qZr9/4LCKPsNjnZdQqbBtNvNf3HjYxCzw==}

  '@thi.ng/associative@5.2.16':
    resolution: {integrity: sha512-joE9CSwKAWgGVuBjSIJuJ/xZcEtKohanmRIJRs7FfuxxsMZcKzybifXr1YOcGJFWAG/rD4spNzKs/AweygvtLw==}

  '@thi.ng/binary@2.2.11':
    resolution: {integrity: sha512-/7+G3478oPHTuNT1qQCN1vdpVAItuiYahWbE+zSsdkQ4O5wKPLO8e7LvOIlCv20jL7ZDCQQr0mr2xZMJK8X8Dg==}

  '@thi.ng/checks@2.9.11':
    resolution: {integrity: sha512-fBvWod32w24JlJsrrOdl+tlx+UNehCORi4rHaJ7l7HH+SEhD/lYTCXOBjwu9D/ztIUjMP5Q+n8cAqI5iPhbvAQ==}

  '@thi.ng/compare@1.3.34':
    resolution: {integrity: sha512-E+UWhmo8l5yeHDuriPUsfrnk/Mj5kSDNRX7lPfv2zNdAQ7N8UDzc0IXu46U6EpqtCReo+2n5N8qzfD3TjerFRw==}

  '@thi.ng/compose@1.4.36':
    resolution: {integrity: sha512-iaij+nAwgeyQTMAiGldAB0dfBBl77kcwJ8HPBFJxDDWsLCS3lIcywTcJPcXxZaL0nw49VJpPrgt0Qw17Q8Y+6g==}

  '@thi.ng/dcons@2.3.34':
    resolution: {integrity: sha512-NTgwtZsB+3X4Hh3cp1KyY0GFwi/dMoX1FSpJhOhEiOa2REX33O5cryo8FUgSasGC7TeKBlLB9UADI84g+4mNlQ==}

  '@thi.ng/dot@1.2.38':
    resolution: {integrity: sha512-Zg2S0NwG+xzSWdFRDoTnEa16/HTemYy1ueSJWM6/touEZqXJmfL4I5osangt/jz2oGwkCY8O+OTW4xk2kTZr7w==}

  '@thi.ng/egf@0.3.0':
    resolution: {integrity: sha512-wRydTPuZv5oB4w7T+MGo8ERjn/BMMi54E1WeB0heY1rQIqLenbfowiGCvlqgTsNJa+LcQ/iO/SS2O3JP7oOnHw==}

  '@thi.ng/equiv@1.0.45':
    resolution: {integrity: sha512-tdXaJfF0pFvT80Q7BOlhc7H7ja/RbVGzlGpE4LqjDWfXPPbLYwmq6EbQuHWeXuvT0qe+BsGnuO5UXAR5B8oGGQ==}

  '@thi.ng/errors@1.3.4':
    resolution: {integrity: sha512-hTk71OPKnioN349sdj2DAoY+69eSerB3MN4Zwz6mosr1QFzIMkfkNOtBeC+Gm0yi0V0EY5LeBYFgqb3oXbtTbw==}

  '@thi.ng/hex@0.1.3':
    resolution: {integrity: sha512-TPexHY7kHeDwZDooW8pv/uVBbqE841hstLrtZdtJk7FRbG5zpceTLbbxAtbX3pEbfEaTSn/lArt2aMjAmatsBw==}

  '@thi.ng/hex@0.2.7':
    resolution: {integrity: sha512-AVp/NLK2dAEKq8V/IUNyReLiIPBwCrzCHWg+16wL2nXiEAZ0Cbh8D5ZZgLGR19qCNSo8P/r7cQN01hNEqIglLQ==}

  '@thi.ng/hex@1.0.4':
    resolution: {integrity: sha512-9ofIG4nXhEskGeOJthpi/9LXFIPrlZ/MmHpgLWa3wNqTVhODP/o++mu9jDKojHEpKvswkkFCE+mSVmMu8xo4mQ==}

  '@thi.ng/math@4.0.6':
    resolution: {integrity: sha512-MCXMW9Bzlgt8uqOkz1UB+gTvnB1viK5R/5c+z/1lmH2/rFa5TY8TKAByCsr1P+Rc+F7AbFoJlefFMSS7f5CDlg==}

  '@thi.ng/memoize@2.1.21':
    resolution: {integrity: sha512-QbVI8DBMhSxzxgvw9me3Xcgib+fmGxyYCRr8s6U2JJ9mUCWYjPntNoXYVIEKycECvOinDO9jk/pg6PocmYfRew==}

  '@thi.ng/prefixes@0.1.20':
    resolution: {integrity: sha512-FNisCvyka5IMnDmXqrwexF0GC6+Zo9sXltr9IZEO4eAoVNx5b2p60v219ejmGJwLnO6ZnDPKf5ivV+ec/3SdIw==}

  '@thi.ng/random@2.4.8':
    resolution: {integrity: sha512-4JJB8zbaPxjlAp1kCqsBbs6eN4Ivd/5fs1e4GlvmNkyGSucHIDTWvw6NnQWqUx2oPaAEDB9CFCH7SOcGC/cwkw==}

  '@thi.ng/strings@1.15.6':
    resolution: {integrity: sha512-OXIZ5adyRO987eYw1Ux5rLnMubV/M6BpDI5KazdydT1yXGaF0lLMH7L/Wr0qFu/zhWs0Tn4XygGx6mfQUdas+g==}

  '@thi.ng/transducers-binary@0.5.33':
    resolution: {integrity: sha512-KZAeuKoLW5OXuaWc79ulinvbZDeT3HfywP35t4EsU+qf+bmw2L763wztcF2t3SUBxrmBx6lUQ+UGxlZdsFON5A==}

  '@thi.ng/transducers@7.9.2':
    resolution: {integrity: sha512-FrC0cCdaQZ9di2sbLbwkQaweLUEvpaSVSwdbEhS77Pn/uoyZe+U+SnBAoyxKFgXHImtBpKFxu8Zd0is3ogrKNQ==}

  tslib@2.8.1:
    resolution: {integrity: sha512-oJFu94HQb+KVduSUQL7wnpmqnfmLsOA/nAh6b6EH0wCEoK0/mPeXU6c3wKDV83MkOuHPRHtSXKKU99IBazS/2w==}

snapshots:

  '@thi.ng/api@6.13.6': {}

  '@thi.ng/api@7.2.0': {}

  '@thi.ng/arrays@1.0.3':
    dependencies:
      '@thi.ng/api': 7.2.0
      '@thi.ng/checks': 2.9.11
      '@thi.ng/compare': 1.3.34
      '@thi.ng/equiv': 1.0.45
      '@thi.ng/errors': 1.3.4
      '@thi.ng/random': 2.4.8

  '@thi.ng/associative@5.2.16':
    dependencies:
      '@thi.ng/api': 7.2.0
      '@thi.ng/arrays': 1.0.3
      '@thi.ng/binary': 2.2.11
      '@thi.ng/checks': 2.9.11
      '@thi.ng/compare': 1.3.34
      '@thi.ng/dcons': 2.3.34
      '@thi.ng/equiv': 1.0.45
      '@thi.ng/errors': 1.3.4
      '@thi.ng/transducers': 7.9.2
      tslib: 2.8.1

  '@thi.ng/binary@2.2.11':
    dependencies:
      '@thi.ng/api': 7.2.0

  '@thi.ng/checks@2.9.11':
    dependencies:
      tslib: 2.8.1

  '@thi.ng/compare@1.3.34':
    dependencies:
      '@thi.ng/api': 7.2.0

  '@thi.ng/compose@1.4.36':
    dependencies:
      '@thi.ng/api': 7.2.0
      '@thi.ng/errors': 1.3.4

  '@thi.ng/dcons@2.3.34':
    dependencies:
      '@thi.ng/api': 7.2.0
      '@thi.ng/checks': 2.9.11
      '@thi.ng/compare': 1.3.34
      '@thi.ng/equiv': 1.0.45
      '@thi.ng/errors': 1.3.4
      '@thi.ng/random': 2.4.8
      '@thi.ng/transducers': 7.9.2

  '@thi.ng/dot@1.2.38':
    dependencies:
      '@thi.ng/api': 7.2.0
      '@thi.ng/checks': 2.9.11

  '@thi.ng/egf@0.3.0':
    dependencies:
      '@thi.ng/api': 6.13.6
      '@thi.ng/associative': 5.2.16
      '@thi.ng/checks': 2.9.11
      '@thi.ng/dot': 1.2.38
      '@thi.ng/errors': 1.3.4
      '@thi.ng/prefixes': 0.1.20
      '@thi.ng/strings': 1.15.6
      '@thi.ng/transducers-binary': 0.5.33

  '@thi.ng/equiv@1.0.45': {}

  '@thi.ng/errors@1.3.4': {}

  '@thi.ng/hex@0.1.3': {}

  '@thi.ng/hex@0.2.7': {}

  '@thi.ng/hex@1.0.4': {}

  '@thi.ng/math@4.0.6':
    dependencies:
      '@thi.ng/api': 7.2.0

  '@thi.ng/memoize@2.1.21':
    dependencies:
      '@thi.ng/api': 7.2.0

  '@thi.ng/prefixes@0.1.20': {}

  '@thi.ng/random@2.4.8':
    dependencies:
      '@thi.ng/api': 7.2.0
      '@thi.ng/checks': 2.9.11
      '@thi.ng/hex': 1.0.4

  '@thi.ng/strings@1.15.6':
    dependencies:
      '@thi.ng/api': 7.2.0
      '@thi.ng/errors': 1.3.4
      '@thi.ng/hex': 0.2.7
      '@thi.ng/memoize': 2.1.21

  '@thi.ng/transducers-binary@0.5.33':
    dependencies:
      '@thi.ng/binary': 2.2.11
      '@thi.ng/compose': 1.4.36
      '@thi.ng/errors': 1.3.4
      '@thi.ng/hex': 0.1.3
      '@thi.ng/random': 2.4.8
      '@thi.ng/transducers': 7.9.2

  '@thi.ng/transducers@7.9.2':
    dependencies:
      '@thi.ng/api': 7.2.0
      '@thi.ng/arrays': 1.0.3
      '@thi.ng/checks': 2.9.11
      '@thi.ng/compare': 1.3.34
      '@thi.ng/compose': 1.4.36
      '@thi.ng/errors': 1.3.4
      '@thi.ng/math': 4.0.6
      '@thi.ng/random': 2.4.8

  tslib@2.8.1: {}
