lockfileVersion: '9.0'

settings:
  autoInstallPeers: true
  excludeLinksFromLockfile: false

importers:

  .:
    dependencies:
      defaults-deep:
        specifier: 0.2.4
        version: 0.2.4

packages:

  defaults-deep@0.2.4:
    resolution: {integrity: sha512-V6BtqzcMvn0EPOy7f+SfMhfmTawq+7UQdt9yZH0EBK89+IHo5f+Hse/qzTorAXOBrQpxpwb6cB/8OgtaMrT+Fg==}
    engines: {node: '>=0.10.0'}

  for-in@1.0.2:
    resolution: {integrity: sha512-7EwmXrOjyL+ChxMhmG5lnW9MPt1aIeZEwKhQzoBUdTV0N3zuwWDZYVJatDvZ2OyzPUvdIAZDsCetk3coyMfcnQ==}
    engines: {node: '>=0.10.0'}

  for-own@0.1.5:
    resolution: {integrity: sha512-SKmowqGTJoPzLO1T0BBJpkfp3EMacCMOuH40hOUbrbzElVktk4DioXVM99QkLCyKoiuOmyjgcWMpVz2xjE7LZw==}
    engines: {node: '>=0.10.0'}

  is-extendable@0.1.1:
    resolution: {integrity: sha512-5BMULNob1vgFX6EjQw5izWDxrecWK9AM72rugNr0TFldMOi0fj6Jk+zeKIt0xGj4cEfQIJth4w3OKWOJ4f+AFw==}
    engines: {node: '>=0.10.0'}

  lazy-cache@0.2.7:
    resolution: {integrity: sha512-gkX52wvU/R8DVMMt78ATVPFMJqfW8FPz1GZ1sVHBVQHmu/WvhIWE4cE1GBzhJNFicDeYhnwp6Rl35BcAIM3YOQ==}
    engines: {node: '>=0.10.0'}

snapshots:

  defaults-deep@0.2.4:
    dependencies:
      for-own: 0.1.5
      is-extendable: 0.1.1
      lazy-cache: 0.2.7

  for-in@1.0.2: {}

  for-own@0.1.5:
    dependencies:
      for-in: 1.0.2

  is-extendable@0.1.1: {}

  lazy-cache@0.2.7: {}
