lockfileVersion: '9.0'

settings:
  autoInstallPeers: true
  excludeLinksFromLockfile: false

importers:

  .:
    dependencies:
      jointjs:
        specifier: 2.2.1
        version: 2.2.1

packages:

  backbone@1.3.3:
    resolution: {integrity: sha512-aK+k3TiU4tQDUrRCymDDE7XDFnMVuyE6zbZ4JX7mb4pJbQTVOH997/kyBzb8wB2s5Y/Oh7EUfj+sZhwRPxWwow==}

  dagre@0.8.2:
    resolution: {integrity: sha512-TEOOGZOkCOgCG7AoUIq64sJ3d21SMv8tyoqteLpX+UsUsS9Qw8iap4hhogXY4oB3r0bbZuAjO0atAilgCmsE0Q==}

  graphlib@2.1.5:
    resolution: {integrity: sha512-XvtbqCcw+EM5SqQrIetIKKD+uZVNQtDPD1goIg7K73RuRZtVI5rYMdcCVSHm/AS1sCBZ7vt0p5WgXouucHQaOA==}

  jointjs@2.2.1:
    resolution: {integrity: sha512-2Tu/n97P/Vc6esibSQzdTuNn3IpQsloDUm2mBgbujocthrVPBNx3EYD4UzpbfkFMk5bku8sxSmA1bXZ0KxgXog==}
    deprecated: |-
      This package has been deprecated in favor of '@joint/core'. The repository name has changed to improve organization and naming conventions. Please update your dependencies to use the new package name:

      npm install @joint/core

      For more information, visit the JointJS repository at: https://github.com/clientio/joint

  jquery@3.3.1:
    resolution: {integrity: sha512-Ubldcmxp5np52/ENotGxlLe6aGMvmF4R8S6tZjsP6Knsaxd/xp3Zrh50cG93lR6nPXyUFwzN3ZSOQI0wRJNdGg==}
    deprecated: This version is deprecated. Please upgrade to the latest version or find support at https://www.herodevs.com/support/jquery-nes or https://tuxcare.com/lp/click-jquery-support/.

  lodash@4.17.11:
    resolution: {integrity: sha512-cQKh8igo5QUhZ7lg38DYWAxMvjSAKG0A8wGSVimP07SIUEK2UO+arSRKbRZWtelMtN5V0Hkwh5ryOto/SshYIg==}

  underscore@1.13.8:
    resolution: {integrity: sha512-DXtD3ZtEQzc7M8m4cXotyHR+FAS18C64asBYY5vqZexfYryNNnDc02W4hKg3rdQuqOYas1jkseX0+nZXjTXnvQ==}

snapshots:

  backbone@1.3.3:
    dependencies:
      underscore: 1.13.8

  dagre@0.8.2:
    dependencies:
      graphlib: 2.1.5
      lodash: 4.17.11

  graphlib@2.1.5:
    dependencies:
      lodash: 4.17.11

  jointjs@2.2.1:
    dependencies:
      backbone: 1.3.3
      dagre: 0.8.2
      graphlib: 2.1.5
      jquery: 3.3.1
      lodash: 4.17.11

  jquery@3.3.1: {}

  lodash@4.17.11: {}

  underscore@1.13.8: {}
