lockfileVersion: '9.0'

settings:
  autoInstallPeers: true
  excludeLinksFromLockfile: false

importers:

  .:
    dependencies:
      merge-recursive:
        specifier: 0.0.3
        version: 0.0.3

packages:

  merge-recursive@0.0.3:
    resolution: {integrity: sha512-WPyS8iu5hcexWNQxFO9lbpvB1lRDn+3hOZXXrD7kLwVrC8+4CKdL7rW7Rrxlmf5V/ySnpZRk2Moo6VAxb4lAeA==}

snapshots:

  merge-recursive@0.0.3: {}
