lockfileVersion: '9.0'

settings:
  autoInstallPeers: true
  excludeLinksFromLockfile: false

importers:

  .:
    dependencies:
      git:
        specifier: 0.1.5
        version: 0.1.5
      sleep:
        specifier: ^6.3.0
        version: 6.3.0

packages:

  git@0.1.5:
    resolution: {integrity: sha512-N+bfOrXyKMU/fQtCj6D/U9MQOEN0DAA8TLHSLdUQRSWBOkeRvsjJHdrdkvcq05xO7GSDKWc3nDEGoTZ4DfCCSg==}
    engines: {node: '>=0.4.0'}

  mime@1.2.9:
    resolution: {integrity: sha512-WiLgbHTIq5AYUvU/Luli4mZ1bUcHpGNHyCsbl+KPMg4zt+XUDpQehWjuBjdLaEvDTinvKj/FgfQt3fPoT7j08g==}

  nan@2.29.0:
    resolution: {integrity: sha512-GlGk3HIvitbvs+LT3g6XUP1kpirKNvmDFwF/bmo6XNWSb/eYEs/O4bfgIEIXCZ+lIOTS5xNwDvSGMw6FJdAhtA==}

  sleep@6.3.0:
    resolution: {integrity: sha512-+WgYl951qdUlb1iS97UvQ01pkauoBK9ML9I/CMPg41v0Ze4EyMlTgFTDDo32iYj98IYqxIjDMRd+L71lawFfpQ==}
    engines: {node: '>=0.8.0'}

snapshots:

  git@0.1.5:
    dependencies:
      mime: 1.2.9

  mime@1.2.9: {}

  nan@2.29.0: {}

  sleep@6.3.0:
    dependencies:
      nan: 2.29.0
