lockfileVersion: '9.0'

settings:
  autoInstallPeers: true
  excludeLinksFromLockfile: false

importers:

  .:
    dependencies:
      brace-expansion:
        specifier: 1.1.6
        version: 1.1.6

packages:

  balanced-match@0.4.2:
    resolution: {integrity: sha512-STw03mQKnGUYtoNjmowo4F2cRmIIxYEGiMsjjwla/u5P1lxadj/05WkNaFjNiKTgJkj8KiXbgAiRTmcQRwQNtg==}

  brace-expansion@1.1.6:
    resolution: {integrity: sha512-do+EUHPJZmz1wYWxOspwBMwgEqs0T5xSClPfYRwug3giEKZoiuMN9Ans1hjT8yZZ1Dkx1oaU4yRe540HKKHA0A==}

  concat-map@0.0.1:
    resolution: {integrity: sha512-/Srv4dswyQNBfohGpz9o6Yb3Gz3SrUDqBH5rTuhGR7ahtlbYKnVxw2bCFMRljaA7EXHaXZ8wsHdodFvbkhKmqg==}

snapshots:

  balanced-match@0.4.2: {}

  brace-expansion@1.1.6:
    dependencies:
      balanced-match: 0.4.2
      concat-map: 0.0.1

  concat-map@0.0.1: {}
