lockfileVersion: '9.0'

settings:
  autoInstallPeers: true
  excludeLinksFromLockfile: false

importers:

  .:
    dependencies:
      pixl-class:
        specifier: 1.0.0
        version: 1.0.0

packages:

  pixl-class@1.0.0:
    resolution: {integrity: sha512-kXy2F0d+r2XLnKU9GXKSaivEZdDgk9vBHpKYrBNnQ3oFxvnVLpptwBNjpPmAqqfL/TDJyAiReVyHJnQyEb4DMw==}

snapshots:

  pixl-class@1.0.0: {}
